lockfileVersion: '9.0'

settings:
  autoInstallPeers: true
  excludeLinksFromLockfile: false

importers:

  .:
    dependencies:
      '@electric-sql/pglite':
        specifier: ^0.5
        version: 0.5.3
      '@zeropg/client':
        specifier: ^0.0.1
        version: 0.0.1(@electric-sql/pglite-socket@0.2.4(@electric-sql/pglite-age@0.0.4(@electric-sql/pglite@0.5.3))(@electric-sql/pglite-pg_hashids@0.0.4(@electric-sql/pglite@0.5.3))(@electric-sql/pglite-pg_ivm@0.0.4(@electric-sql/pglite@0.5.3))(@electric-sql/pglite-pg_textsearch@0.0.4(@electric-sql/pglite@0.5.3))(@electric-sql/pglite-pg_uuidv7@0.0.4(@electric-sql/pglite@0.5.3))(@electric-sql/pglite-pgtap@0.0.4(@electric-sql/pglite@0.5.3))(@electric-sql/pglite-pgvector@0.0.4(@electric-sql/pglite@0.5.3))(@electric-sql/pglite@0.5.3))(@electric-sql/pglite@0.5.3)

packages:

  '@electric-sql/pglite-age@0.0.4':
    resolution: {integrity: sha512-n8lzYvxKHQbwdaj2/8NLSRRS5dABXZ6e83kd35iTcYMW7fc2oCxvkzFhYa+2XY25UYWfSMH6IYRSXqMKa5pkog==}
    peerDependencies:
      '@electric-sql/pglite': 0.5.3

  '@electric-sql/pglite-pg_hashids@0.0.4':
    resolution: {integrity: sha512-4c9/dtj2bswRVDDpsTcQw65f1hvHWvDlL1oHlqQCSfuKHgdaJGu80tz8RrEAlg1qG8JYUwQsAVafJsAy+CSSUw==}
    peerDependencies:
      '@electric-sql/pglite': 0.5.3

  '@electric-sql/pglite-pg_ivm@0.0.4':
    resolution: {integrity: sha512-dbf9QMAs57qRR28GdUhVG//a6lYd2KCPEVcwPuMenvm6DKQmCAPeqWv9eMh+vnsO2jSqAJCnixI6Mg1CWVtCVQ==}
    peerDependencies:
      '@electric-sql/pglite': 0.5.3

  '@electric-sql/pglite-pg_textsearch@0.0.4':
    resolution: {integrity: sha512-EElRliKJzBfBCyIXj+CivkyBdw9GSZt9yl1fht/wgljjd4aZQwSg/eGspK79J5BaLJQcQayYkIl4YZ5Dv9vuIw==}
    peerDependencies:
      '@electric-sql/pglite': 0.5.3

  '@electric-sql/pglite-pg_uuidv7@0.0.4':
    resolution: {integrity: sha512-bgLxaqzGA+SNI6c6qsFffnBl7/nTzjPJ6Vo78JLyZUWp8GSWHhC7X4G8XBw2w9xX3YOh6seDqotuB8we2HFyRw==}
    peerDependencies:
      '@electric-sql/pglite': 0.5.3

  '@electric-sql/pglite-pgtap@0.0.4':
    resolution: {integrity: sha512-aJx4PJ+FYa6q4wvR3L9EKWyZqH+m4Ef1MBIAOHVKuMr5+TFXBva9DUt271EeB4iGoDo8QKsjjJz+wixr8Nbgww==}
    peerDependencies:
      '@electric-sql/pglite': 0.5.3

  '@electric-sql/pglite-pgvector@0.0.4':
    resolution: {integrity: sha512-oHOQlYMzgxmoFWRbKhhoV0UNfoNUdbTHUD/z/nujr8LrUe4HdiSAUY2+Mv+Z033hZO9UWqOuj3Be2KztwK79ow==}
    peerDependencies:
      '@electric-sql/pglite': 0.5.3

  '@electric-sql/pglite-socket@0.2.4':
    resolution: {integrity: sha512-vchApkv1CCYC/mZhZDe41ox2+AX3+lvULgZFpuC2RC9Q5eYmIDNt/M3ro9quu4zeXWGhZ/lbITYygXFnGIwY1w==}
    hasBin: true
    peerDependencies:
      '@electric-sql/pglite': 0.5.3
      '@electric-sql/pglite-age': 0.0.4
      '@electric-sql/pglite-pg_hashids': 0.0.4
      '@electric-sql/pglite-pg_ivm': 0.0.4
      '@electric-sql/pglite-pg_textsearch': 0.0.4
      '@electric-sql/pglite-pg_uuidv7': 0.0.4
      '@electric-sql/pglite-pgtap': 0.0.4
      '@electric-sql/pglite-pgvector': 0.0.4

  '@electric-sql/pglite@0.5.3':
    resolution: {integrity: sha512-iTTYbA5Uesrl+N7zss0J5LopT7KE4j9aymYo+EZZh+rZbARQCUQOs+n2pay64JRUpc3fCkpfrniTNJnvYzOE+g==}

  '@zeropg/blobstore@0.0.1':
    resolution: {integrity: sha512-qAv+fvixcaPrZkcCQ9C73ZOx+Wuoi7HKwhGeB4qo4AxKH09r0F36Sl2LCkCEqM3zVz+kFNECcnSLsL6Bb0GAzA==}
    engines: {node: '>=22'}

  '@zeropg/client@0.0.1':
    resolution: {integrity: sha512-QdaQ/5bm40ttZ0rZE0nH0FwgdEM5xulmF+MSXGt9Fg4wR3WJPklF5G8axYBPwhC2pMCX0FDn3PePqLP0w9lSzg==}
    engines: {node: '>=22'}
    peerDependencies:
      '@electric-sql/pglite': '*'
      '@electric-sql/pglite-socket': '*'
      pg: '*'
    peerDependenciesMeta:
      '@electric-sql/pglite-socket':
        optional: true
      pg:
        optional: true

  '@zeropg/lease@0.0.1':
    resolution: {integrity: sha512-urOVQ1PyS+s+G0NdT+LuPkIVpTS7hGKQs+VQTF/mSso5DKMh56MUFNDI7t4S1OAKMlaJiGIsozJ95KiNPxDDHw==}
    engines: {node: '>=22'}

  '@zeropg/objectstore-fs@0.0.1':
    resolution: {integrity: sha512-d5MqVFmju+mvIc48OLWuljXOjIb0dGSfUvRM5UyO7jGWhMprV0D4hUYEb1tpVbVRcpQ05aE1THcLOPEHbAeqAg==}
    engines: {node: '>=22'}
    peerDependencies:
      '@electric-sql/pglite': '*'

  '@zeropg/server@0.0.1':
    resolution: {integrity: sha512-SLdNtjSH3hvfNeBOeaYu/SBzr3PWG7NYTHtWXGE2ZTFMy2AYrPx9gjfOqnbAtfBrF+iEQ7d6tsUMVPvVp4Mg1w==}
    engines: {node: '>=22'}
    peerDependencies:
      '@electric-sql/pglite': '*'
      '@electric-sql/pglite-socket': '*'

snapshots:

  '@electric-sql/pglite-age@0.0.4(@electric-sql/pglite@0.5.3)':
    dependencies:
      '@electric-sql/pglite': 0.5.3

  '@electric-sql/pglite-pg_hashids@0.0.4(@electric-sql/pglite@0.5.3)':
    dependencies:
      '@electric-sql/pglite': 0.5.3

  '@electric-sql/pglite-pg_ivm@0.0.4(@electric-sql/pglite@0.5.3)':
    dependencies:
      '@electric-sql/pglite': 0.5.3

  '@electric-sql/pglite-pg_textsearch@0.0.4(@electric-sql/pglite@0.5.3)':
    dependencies:
      '@electric-sql/pglite': 0.5.3

  '@electric-sql/pglite-pg_uuidv7@0.0.4(@electric-sql/pglite@0.5.3)':
    dependencies:
      '@electric-sql/pglite': 0.5.3

  '@electric-sql/pglite-pgtap@0.0.4(@electric-sql/pglite@0.5.3)':
    dependencies:
      '@electric-sql/pglite': 0.5.3

  '@electric-sql/pglite-pgvector@0.0.4(@electric-sql/pglite@0.5.3)':
    dependencies:
      '@electric-sql/pglite': 0.5.3

  '@electric-sql/pglite-socket@0.2.4(@electric-sql/pglite-age@0.0.4(@electric-sql/pglite@0.5.3))(@electric-sql/pglite-pg_hashids@0.0.4(@electric-sql/pglite@0.5.3))(@electric-sql/pglite-pg_ivm@0.0.4(@electric-sql/pglite@0.5.3))(@electric-sql/pglite-pg_textsearch@0.0.4(@electric-sql/pglite@0.5.3))(@electric-sql/pglite-pg_uuidv7@0.0.4(@electric-sql/pglite@0.5.3))(@electric-sql/pglite-pgtap@0.0.4(@electric-sql/pglite@0.5.3))(@electric-sql/pglite-pgvector@0.0.4(@electric-sql/pglite@0.5.3))(@electric-sql/pglite@0.5.3)':
    dependencies:
      '@electric-sql/pglite': 0.5.3
      '@electric-sql/pglite-age': 0.0.4(@electric-sql/pglite@0.5.3)
      '@electric-sql/pglite-pg_hashids': 0.0.4(@electric-sql/pglite@0.5.3)
      '@electric-sql/pglite-pg_ivm': 0.0.4(@electric-sql/pglite@0.5.3)
      '@electric-sql/pglite-pg_textsearch': 0.0.4(@electric-sql/pglite@0.5.3)
      '@electric-sql/pglite-pg_uuidv7': 0.0.4(@electric-sql/pglite@0.5.3)
      '@electric-sql/pglite-pgtap': 0.0.4(@electric-sql/pglite@0.5.3)
      '@electric-sql/pglite-pgvector': 0.0.4(@electric-sql/pglite@0.5.3)

  '@electric-sql/pglite@0.5.3': {}

  '@zeropg/blobstore@0.0.1': {}

  '@zeropg/client@0.0.1(@electric-sql/pglite-socket@0.2.4(@electric-sql/pglite-age@0.0.4(@electric-sql/pglite@0.5.3))(@electric-sql/pglite-pg_hashids@0.0.4(@electric-sql/pglite@0.5.3))(@electric-sql/pglite-pg_ivm@0.0.4(@electric-sql/pglite@0.5.3))(@electric-sql/pglite-pg_textsearch@0.0.4(@electric-sql/pglite@0.5.3))(@electric-sql/pglite-pg_uuidv7@0.0.4(@electric-sql/pglite@0.5.3))(@electric-sql/pglite-pgtap@0.0.4(@electric-sql/pglite@0.5.3))(@electric-sql/pglite-pgvector@0.0.4(@electric-sql/pglite@0.5.3))(@electric-sql/pglite@0.5.3))(@electric-sql/pglite@0.5.3)':
    dependencies:
      '@electric-sql/pglite': 0.5.3
      '@zeropg/blobstore': 0.0.1
      '@zeropg/objectstore-fs': 0.0.1(@electric-sql/pglite@0.5.3)
      '@zeropg/server': 0.0.1(@electric-sql/pglite-socket@0.2.4(@electric-sql/pglite-age@0.0.4(@electric-sql/pglite@0.5.3))(@electric-sql/pglite-pg_hashids@0.0.4(@electric-sql/pglite@0.5.3))(@electric-sql/pglite-pg_ivm@0.0.4(@electric-sql/pglite@0.5.3))(@electric-sql/pglite-pg_textsearch@0.0.4(@electric-sql/pglite@0.5.3))(@electric-sql/pglite-pg_uuidv7@0.0.4(@electric-sql/pglite@0.5.3))(@electric-sql/pglite-pgtap@0.0.4(@electric-sql/pglite@0.5.3))(@electric-sql/pglite-pgvector@0.0.4(@electric-sql/pglite@0.5.3))(@electric-sql/pglite@0.5.3))(@electric-sql/pglite@0.5.3)
    optionalDependencies:
      '@electric-sql/pglite-socket': 0.2.4(@electric-sql/pglite-age@0.0.4(@electric-sql/pglite@0.5.3))(@electric-sql/pglite-pg_hashids@0.0.4(@electric-sql/pglite@0.5.3))(@electric-sql/pglite-pg_ivm@0.0.4(@electric-sql/pglite@0.5.3))(@electric-sql/pglite-pg_textsearch@0.0.4(@electric-sql/pglite@0.5.3))(@electric-sql/pglite-pg_uuidv7@0.0.4(@electric-sql/pglite@0.5.3))(@electric-sql/pglite-pgtap@0.0.4(@electric-sql/pglite@0.5.3))(@electric-sql/pglite-pgvector@0.0.4(@electric-sql/pglite@0.5.3))(@electric-sql/pglite@0.5.3)

  '@zeropg/lease@0.0.1':
    dependencies:
      '@zeropg/blobstore': 0.0.1

  '@zeropg/objectstore-fs@0.0.1(@electric-sql/pglite@0.5.3)':
    dependencies:
      '@electric-sql/pglite': 0.5.3
      '@zeropg/blobstore': 0.0.1
      '@zeropg/lease': 0.0.1

  '@zeropg/server@0.0.1(@electric-sql/pglite-socket@0.2.4(@electric-sql/pglite-age@0.0.4(@electric-sql/pglite@0.5.3))(@electric-sql/pglite-pg_hashids@0.0.4(@electric-sql/pglite@0.5.3))(@electric-sql/pglite-pg_ivm@0.0.4(@electric-sql/pglite@0.5.3))(@electric-sql/pglite-pg_textsearch@0.0.4(@electric-sql/pglite@0.5.3))(@electric-sql/pglite-pg_uuidv7@0.0.4(@electric-sql/pglite@0.5.3))(@electric-sql/pglite-pgtap@0.0.4(@electric-sql/pglite@0.5.3))(@electric-sql/pglite-pgvector@0.0.4(@electric-sql/pglite@0.5.3))(@electric-sql/pglite@0.5.3))(@electric-sql/pglite@0.5.3)':
    dependencies:
      '@electric-sql/pglite': 0.5.3
      '@electric-sql/pglite-socket': 0.2.4(@electric-sql/pglite-age@0.0.4(@electric-sql/pglite@0.5.3))(@electric-sql/pglite-pg_hashids@0.0.4(@electric-sql/pglite@0.5.3))(@electric-sql/pglite-pg_ivm@0.0.4(@electric-sql/pglite@0.5.3))(@electric-sql/pglite-pg_textsearch@0.0.4(@electric-sql/pglite@0.5.3))(@electric-sql/pglite-pg_uuidv7@0.0.4(@electric-sql/pglite@0.5.3))(@electric-sql/pglite-pgtap@0.0.4(@electric-sql/pglite@0.5.3))(@electric-sql/pglite-pgvector@0.0.4(@electric-sql/pglite@0.5.3))(@electric-sql/pglite@0.5.3)
      '@zeropg/blobstore': 0.0.1
      '@zeropg/objectstore-fs': 0.0.1(@electric-sql/pglite@0.5.3)
