{
  "name": "zeropg-standalone-service",
  "version": "0.0.0",
  "lockfileVersion": 3,
  "requires": true,
  "packages": {
    "": {
      "name": "zeropg-standalone-service",
      "version": "0.0.0",
      "dependencies": {
        "@electric-sql/pglite": "^0.5.2",
        "@electric-sql/pglite-socket": "^0.2.2"
      }
    },
    "node_modules/@electric-sql/pglite": {
      "version": "0.5.2",
      "resolved": "https://registry.npmjs.org/@electric-sql/pglite/-/pglite-0.5.2.tgz",
      "integrity": "sha512-y6ySdFE7FQB7BkVaSNaPINgY7mXCyvi+3GQB5ySX9WGwgrdh31WXMP5RM40oAyYff47lIr7xdcW8UbCW5NHDmw==",
      "license": "Apache-2.0"
    },
    "node_modules/@electric-sql/pglite-age": {
      "version": "0.0.3",
      "resolved": "https://registry.npmjs.org/@electric-sql/pglite-age/-/pglite-age-0.0.3.tgz",
      "integrity": "sha512-Mw2/7/N0Go4/fSMnWmJzK8U2stHUATSOL/Qlt7qQcsV9OGmR74jX2cHHDzQQk+82kPWEWf4YlVmsaHpcEl9NzA==",
      "license": "Apache-2.0",
      "peer": true,
      "peerDependencies": {
        "@electric-sql/pglite": "0.5.2"
      }
    },
    "node_modules/@electric-sql/pglite-pg_hashids": {
      "version": "0.0.3",
      "resolved": "https://registry.npmjs.org/@electric-sql/pglite-pg_hashids/-/pglite-pg_hashids-0.0.3.tgz",
      "integrity": "sha512-gS/WhlTjXlzrNHbz1x2w4Q35tr4xi4g5HkFfU66NL7QMTATHLlhMDSolEE42luJvqlzeo95ahy+2QD02MYlSDQ==",
      "license": "Apache-2.0",
      "peer": true,
      "peerDependencies": {
        "@electric-sql/pglite": "0.5.2"
      }
    },
    "node_modules/@electric-sql/pglite-pg_ivm": {
      "version": "0.0.3",
      "resolved": "https://registry.npmjs.org/@electric-sql/pglite-pg_ivm/-/pglite-pg_ivm-0.0.3.tgz",
      "integrity": "sha512-C2QmkdX9nsDMamPDtJu30pPeReMAlNmg2EQIIRU+yGbFe7NHpTbYszmdbO+5jYmAXDCzJYHnAuOQfVpL+lXuqQ==",
      "license": "Apache-2.0",
      "peer": true,
      "peerDependencies": {
        "@electric-sql/pglite": "0.5.2"
      }
    },
    "node_modules/@electric-sql/pglite-pg_textsearch": {
      "version": "0.0.3",
      "resolved": "https://registry.npmjs.org/@electric-sql/pglite-pg_textsearch/-/pglite-pg_textsearch-0.0.3.tgz",
      "integrity": "sha512-C/pwWCSVQS+q3PWU06MGjZ/jfBlFanXI3l4ChVMgQyYRi+cNBFx5rVS3pvbNTwQo+HjtVw4ulOyLOry1kuQ1sw==",
      "license": "Apache-2.0",
      "peer": true,
      "peerDependencies": {
        "@electric-sql/pglite": "0.5.2"
      }
    },
    "node_modules/@electric-sql/pglite-pg_uuidv7": {
      "version": "0.0.3",
      "resolved": "https://registry.npmjs.org/@electric-sql/pglite-pg_uuidv7/-/pglite-pg_uuidv7-0.0.3.tgz",
      "integrity": "sha512-1mqgGATDAUKcgSYVDlWtX+X4XYsJ3t6g8D8KjARwjPdE2OCqL1o3xCfxGwMPNORqK72Xu3H4W0mOPc5ILd4qhw==",
      "license": "Apache-2.0",
      "peer": true,
      "peerDependencies": {
        "@electric-sql/pglite": "0.5.2"
      }
    },
    "node_modules/@electric-sql/pglite-pgtap": {
      "version": "0.0.3",
      "resolved": "https://registry.npmjs.org/@electric-sql/pglite-pgtap/-/pglite-pgtap-0.0.3.tgz",
      "integrity": "sha512-57WHg2n5iiU1Tmt/Wd3gz4I9kz3qjlq1kbAxifcDWMnZgyRd8JAPpcu3bmiXk8FGzK3kqsrMgJ2RJAkkIAPLNw==",
      "license": "Apache-2.0",
      "peer": true,
      "peerDependencies": {
        "@electric-sql/pglite": "0.5.2"
      }
    },
    "node_modules/@electric-sql/pglite-pgvector": {
      "version": "0.0.3",
      "resolved": "https://registry.npmjs.org/@electric-sql/pglite-pgvector/-/pglite-pgvector-0.0.3.tgz",
      "integrity": "sha512-7v4G40FiVBx2PnDm/ljgXlOtPs/s0Nvam276626IHy9tuiaLQTNzIxntQv+sOsX0yx7A46uvjTKNTGB7N9D1lw==",
      "license": "Apache-2.0",
      "peer": true,
      "peerDependencies": {
        "@electric-sql/pglite": "0.5.2"
      }
    },
    "node_modules/@electric-sql/pglite-socket": {
      "version": "0.2.2",
      "resolved": "https://registry.npmjs.org/@electric-sql/pglite-socket/-/pglite-socket-0.2.2.tgz",
      "integrity": "sha512-5I828NtM2MCH86/16r9l/Td41X00aDUgTTBRsccaVvR0cJByvRE6Mdbr/MGiRZmUuz9+8ozW9Kgr6QEdZZHHRA==",
      "license": "Apache-2.0",
      "bin": {
        "pglite-server": "dist/scripts/server.js"
      },
      "peerDependencies": {
        "@electric-sql/pglite": "0.5.2",
        "@electric-sql/pglite-age": "0.0.3",
        "@electric-sql/pglite-pg_hashids": "0.0.3",
        "@electric-sql/pglite-pg_ivm": "0.0.3",
        "@electric-sql/pglite-pg_textsearch": "0.0.3",
        "@electric-sql/pglite-pg_uuidv7": "0.0.3",
        "@electric-sql/pglite-pgtap": "0.0.3",
        "@electric-sql/pglite-pgvector": "0.0.3"
      }
    }
  }
}
